
Microsoft Visual Studio Solution File, Format Version 12.00
# Visual Studio Version 16
VisualStudioVersion = 16.0.29806.167
MinimumVisualStudioVersion = 10.0.40219.1
Project("{8BC9CEB8-8B4A-11D0-8D11-00A0C91BC942}") = "SimplePaint3", "SimplePaint3\SimplePaint3.vcxproj", "{048C00D5-2979-48FB-BF5F-014FCDD8A72C}"
EndProject
Global
	GlobalSection(SolutionConfigurationPlatforms) = preSolution
		Debug|x64 = Debug|x64
		Debug|x86 = Debug|x86
		Release|x64 = Release|x64
		Release|x86 = Release|x86
	EndGlobalSection
	GlobalSection(ProjectConfigurationPlatforms) = postSolution
		{048C00D5-2979-48FB-BF5F-014FCDD8A72C}.Debug|x64.ActiveCfg = Debug|x64
		{048C00D5-2979-48FB-BF5F-014FCDD8A72C}.Debug|x64.Build.0 = Debug|x64
		{048C00D5-2979-48FB-BF5F-014FCDD8A72C}.Debug|x86.ActiveCfg = Debug|Win32
		{048C00D5-2979-48FB-BF5F-014FCDD8A72C}.Debug|x86.Build.0 = Debug|Win32
		{048C00D5-2979-48FB-BF5F-014FCDD8A72C}.Release|x64.ActiveCfg = Release|x64
		{048C00D5-2979-48FB-BF5F-014FCDD8A72C}.Release|x64.Build.0 = Release|x64
		{048C00D5-2979-48FB-BF5F-014FCDD8A72C}.Release|x86.ActiveCfg = Release|Win32
		{048C00D5-2979-48FB-BF5F-014FCDD8A72C}.Release|x86.Build.0 = Release|Win32
	EndGlobalSection
	GlobalSection(SolutionProperties) = preSolution
		HideSolutionNode = FALSE
	EndGlobalSection
	GlobalSection(ExtensibilityGlobals) = postSolution
		SolutionGuid = {83A6B36D-4A53-4189-8EE6-CD84F4E1976D}
	EndGlobalSection
EndGlobal
