<?xml version="1.0" encoding="utf-8"?>
<Project ToolsVersion="4.0" xmlns="http://schemas.microsoft.com/developer/msbuild/2003">
  <ItemGroup>
    <Filter Include="소스 파일">
      <UniqueIdentifier>{4FC737F1-C7A5-4376-A066-2A32D752A2FF}</UniqueIdentifier>
      <Extensions>cpp;c;cc;cxx;def;odl;idl;hpj;bat;asm;asmx</Extensions>
    </Filter>
    <Filter Include="헤더 파일">
      <UniqueIdentifier>{93995380-89BD-4b04-88EB-625FBE52EBFB}</UniqueIdentifier>
      <Extensions>h;hh;hpp;hxx;hm;inl;inc;ipp;xsd</Extensions>
    </Filter>
    <Filter Include="리소스 파일">
      <UniqueIdentifier>{67DA6AB6-F800-4c08-8B7A-83BB121AAD01}</UniqueIdentifier>
      <Extensions>rc;ico;cur;bmp;dlg;rc2;rct;bin;rgs;gif;jpg;jpeg;jpe;resx;tiff;tif;png;wav;mfcribbon-ms</Extensions>
    </Filter>
  </ItemGroup>
  <ItemGroup>
    <ClInclude Include="framework.h">
      <Filter>헤더 파일</Filter>
    </ClInclude>
    <ClInclude Include="targetver.h">
      <Filter>헤더 파일</Filter>
    </ClInclude>
    <ClInclude Include="Resource.h">
      <Filter>헤더 파일</Filter>
    </ClInclude>
    <ClInclude Include="Tetris3.h">
      <Filter>헤더 파일</Filter>
    </ClInclude>
  </ItemGroup>
  <ItemGroup>
    <ClCompile Include="Tetris3.cpp">
      <Filter>소스 파일</Filter>
    </ClCompile>
  </ItemGroup>
  <ItemGroup>
    <ResourceCompile Include="Tetris3.rc">
      <Filter>리소스 파일</Filter>
    </ResourceCompile>
  </ItemGroup>
  <ItemGroup>
    <Image Include="small.ico">
      <Filter>리소스 파일</Filter>
    </Image>
    <Image Include="Tetris3.ico">
      <Filter>리소스 파일</Filter>
    </Image>
    <Image Include="bitmap1.bmp">
      <Filter>리소스 파일</Filter>
    </Image>
    <Image Include="bitmap2.bmp">
      <Filter>리소스 파일</Filter>
    </Image>
    <Image Include="bitmap3.bmp">
      <Filter>리소스 파일</Filter>
    </Image>
    <Image Include="bitmap4.bmp">
      <Filter>리소스 파일</Filter>
    </Image>
    <Image Include="bitmap5.bmp">
      <Filter>리소스 파일</Filter>
    </Image>
    <Image Include="bitmap6.bmp">
      <Filter>리소스 파일</Filter>
    </Image>
    <Image Include="bitmap7.bmp">
      <Filter>리소스 파일</Filter>
    </Image>
    <Image Include="bitmap8.bmp">
      <Filter>리소스 파일</Filter>
    </Image>
    <Image Include="bitmap9.bmp">
      <Filter>리소스 파일</Filter>
    </Image>
    <Image Include="bitmap10.bmp">
      <Filter>리소스 파일</Filter>
    </Image>
    <Image Include="bitmap11.bmp">
      <Filter>리소스 파일</Filter>
    </Image>
  </ItemGroup>
  <ItemGroup>
    <None Include="wave1.bin">
      <Filter>리소스 파일</Filter>
    </None>
  </ItemGroup>
  <ItemGroup>
    <Media Include="Move.wav">
      <Filter>리소스 파일</Filter>
    </Media>
    <Media Include="Score.wav">
      <Filter>리소스 파일</Filter>
    </Media>
    <Media Include="Blop-sZ3yKfwz7CzbetNY6kWmDp7e.mp3" />
    <Media Include="Pling-6h7Y7sSh8dW4ypYhYGVGTtXF.mp3" />
    <Media Include="Pling-6h7Y7sSh8dW4ypYhYGVGTtXF.wav">
      <Filter>리소스 파일</Filter>
    </Media>
    <Media Include="Change.wav">
      <Filter>리소스 파일</Filter>
    </Media>
    <Media Include="Down.wav">
      <Filter>리소스 파일</Filter>
    </Media>
  </ItemGroup>
</Project>