
Microsoft Visual Studio Solution File, Format Version 12.00
# Visual Studio Version 16
VisualStudioVersion = 16.0.29806.167
MinimumVisualStudioVersion = 10.0.40219.1
Project("{8BC9CEB8-8B4A-11D0-8D11-00A0C91BC942}") = "Menu", "Menu\Menu.vcxproj", "{1A026FB1-E0E4-4019-9774-EC3D5F000A39}"
EndProject
Global
	GlobalSection(SolutionConfigurationPlatforms) = preSolution
		Debug|x64 = Debug|x64
		Debug|x86 = Debug|x86
		Release|x64 = Release|x64
		Release|x86 = Release|x86
	EndGlobalSection
	GlobalSection(ProjectConfigurationPlatforms) = postSolution
		{1A026FB1-E0E4-4019-9774-EC3D5F000A39}.Debug|x64.ActiveCfg = Debug|x64
		{1A026FB1-E0E4-4019-9774-EC3D5F000A39}.Debug|x64.Build.0 = Debug|x64
		{1A026FB1-E0E4-4019-9774-EC3D5F000A39}.Debug|x86.ActiveCfg = Debug|Win32
		{1A026FB1-E0E4-4019-9774-EC3D5F000A39}.Debug|x86.Build.0 = Debug|Win32
		{1A026FB1-E0E4-4019-9774-EC3D5F000A39}.Release|x64.ActiveCfg = Release|x64
		{1A026FB1-E0E4-4019-9774-EC3D5F000A39}.Release|x64.Build.0 = Release|x64
		{1A026FB1-E0E4-4019-9774-EC3D5F000A39}.Release|x86.ActiveCfg = Release|Win32
		{1A026FB1-E0E4-4019-9774-EC3D5F000A39}.Release|x86.Build.0 = Release|Win32
	EndGlobalSection
	GlobalSection(SolutionProperties) = preSolution
		HideSolutionNode = FALSE
	EndGlobalSection
	GlobalSection(ExtensibilityGlobals) = postSolution
		SolutionGuid = {BE01FC9A-7A4D-49FB-8492-C59D00E3A4F5}
	EndGlobalSection
EndGlobal
